
Microsoft Visual Studio Solution File, Format Version 12.00
# Visual Studio Version 17
VisualStudioVersion = 17.8.34525.116
MinimumVisualStudioVersion = 10.0.40219.1
Project("{9A19103F-16F7-4668-BE54-9A1E7A4F7556}") = "OOTP", "OOTP.csproj", "{7846A0F9-DA4F-4B40-8E70-71B94C48A2FB}"
EndProject
Global
	GlobalSection(SolutionConfigurationPlatforms) = preSolution
		Debug|Any CPU = Debug|Any CPU
		Release|Any CPU = Release|Any CPU
	EndGlobalSection
	GlobalSection(ProjectConfigurationPlatforms) = postSolution
		{7846A0F9-DA4F-4B40-8E70-71B94C48A2FB}.Debug|Any CPU.ActiveCfg = Debug|Any CPU
		{7846A0F9-DA4F-4B40-8E70-71B94C48A2FB}.Debug|Any CPU.Build.0 = Debug|Any CPU
		{7846A0F9-DA4F-4B40-8E70-71B94C48A2FB}.Release|Any CPU.ActiveCfg = Release|Any CPU
		{7846A0F9-DA4F-4B40-8E70-71B94C48A2FB}.Release|Any CPU.Build.0 = Release|Any CPU
	EndGlobalSection
	GlobalSection(SolutionProperties) = preSolution
		HideSolutionNode = FALSE
	EndGlobalSection
	GlobalSection(ExtensibilityGlobals) = postSolution
		SolutionGuid = {8762789C-5CAF-4790-92DE-21616C4094A3}
	EndGlobalSection
EndGlobal
